<?xml version="1.0" encoding="utf-8"?>
<Project ToolsVersion="4.0" xmlns="http://schemas.microsoft.com/developer/msbuild/2003">
  <ItemGroup>
    <Filter Include="Source Files">
      <UniqueIdentifier>{4FC737F1-C7A5-4376-A066-2A32D752A2FF}</UniqueIdentifier>
      <Extensions>cpp;c;cc;cxx;def;odl;idl;hpj;bat;asm;asmx</Extensions>
    </Filter>
    <Filter Include="Header Files">
      <UniqueIdentifier>{93995380-89BD-4b04-88EB-625FBE52EBFB}</UniqueIdentifier>
      <Extensions>h;hpp;hxx;hm;inl;inc;xsd</Extensions>
    </Filter>
    <Filter Include="Resource Files">
      <UniqueIdentifier>{67DA6AB6-F800-4c08-8B7A-83BB121AAD01}</UniqueIdentifier>
      <Extensions>rc;ico;cur;bmp;dlg;rc2;rct;bin;rgs;gif;jpg;jpeg;jpe;resx;tiff;tif;png;wav;mfcribbon-ms</Extensions>
    </Filter>
    <Filter Include="Driver Files">
      <UniqueIdentifier>{8E41214B-6785-4CFE-B992-037D68949A14}</UniqueIdentifier>
      <Extensions>inf;inv;inx;mof;mc;</Extensions>
    </Filter>
    <Filter Include="LogFile">
      <UniqueIdentifier>{591b67e5-e0d2-42da-baca-e16427aaf2a0}</UniqueIdentifier>
    </Filter>
    <Filter Include="GlobalVariable">
      <UniqueIdentifier>{c8ecb371-5a15-4d37-ad1d-d59f52e7714b}</UniqueIdentifier>
    </Filter>
    <Filter Include="Performance">
      <UniqueIdentifier>{002b2a55-e01c-4bd7-a1b4-50415ab262aa}</UniqueIdentifier>
    </Filter>
    <Filter Include="Util">
      <UniqueIdentifier>{615b516c-b53e-4be6-8bb8-cafe3ab2cec5}</UniqueIdentifier>
    </Filter>
    <Filter Include="PowerCallback">
      <UniqueIdentifier>{e552128d-5cc3-4945-94ff-2db18393ea56}</UniqueIdentifier>
    </Filter>
    <Filter Include="HotplugCallback">
      <UniqueIdentifier>{093aecfb-6724-4c03-9a99-b0757496fa8a}</UniqueIdentifier>
    </Filter>
    <Filter Include="VM">
      <UniqueIdentifier>{4d75ebfc-7b0b-47d8-a7f7-5918b912ce3a}</UniqueIdentifier>
    </Filter>
    <Filter Include="VM\EPT">
      <UniqueIdentifier>{b8279a14-0b5e-414e-832e-5dd75f05dd8b}</UniqueIdentifier>
    </Filter>
    <Filter Include="VMM">
      <UniqueIdentifier>{5672fb52-8986-4f47-abf3-434d1348d5cd}</UniqueIdentifier>
    </Filter>
    <Filter Include="VM\ASM">
      <UniqueIdentifier>{e52137ae-aa58-430c-a967-595e28d48ef2}</UniqueIdentifier>
    </Filter>
  </ItemGroup>
  <ItemGroup>
    <Inf Include="MyHyperPlatform.inf">
      <Filter>Driver Files</Filter>
    </Inf>
  </ItemGroup>
  <ItemGroup>
    <ClInclude Include="Common.h">
      <Filter>Header Files</Filter>
    </ClInclude>
    <ClInclude Include="Log.h">
      <Filter>LogFile</Filter>
    </ClInclude>
    <ClInclude Include="GlobalVariables.h">
      <Filter>GlobalVariable</Filter>
    </ClInclude>
    <ClInclude Include="Performance.h">
      <Filter>Performance</Filter>
    </ClInclude>
    <ClInclude Include="PerfCounter.h">
      <Filter>Performance</Filter>
    </ClInclude>
    <ClInclude Include="Util.h">
      <Filter>Util</Filter>
    </ClInclude>
    <ClInclude Include="ia32_type.h">
      <Filter>Util</Filter>
    </ClInclude>
    <ClInclude Include="UtilPageConstants.h">
      <Filter>Util</Filter>
    </ClInclude>
    <ClInclude Include="PowerCallback.h">
      <Filter>PowerCallback</Filter>
    </ClInclude>
    <ClInclude Include="HotplugCallback.h">
      <Filter>HotplugCallback</Filter>
    </ClInclude>
    <ClInclude Include="VM.h">
      <Filter>VM</Filter>
    </ClInclude>
    <ClInclude Include="EPT.h">
      <Filter>VM\EPT</Filter>
    </ClInclude>
    <ClInclude Include="VMM.h">
      <Filter>VMM</Filter>
    </ClInclude>
    <ClInclude Include="ASM.h">
      <Filter>VM\ASM</Filter>
    </ClInclude>
  </ItemGroup>
  <ItemGroup>
    <ClCompile Include="GlobalVariables.cpp">
      <Filter>GlobalVariable</Filter>
    </ClCompile>
    <ClCompile Include="Performance.cpp">
      <Filter>Performance</Filter>
    </ClCompile>
    <ClCompile Include="Util.cpp">
      <Filter>Util</Filter>
    </ClCompile>
    <ClCompile Include="Log.cpp">
      <Filter>LogFile</Filter>
    </ClCompile>
    <ClCompile Include="DriverEntry.cpp">
      <Filter>Source Files</Filter>
    </ClCompile>
    <ClCompile Include="PowerCallback.cpp">
      <Filter>PowerCallback</Filter>
    </ClCompile>
    <ClCompile Include="HotplugCallback.cpp">
      <Filter>HotplugCallback</Filter>
    </ClCompile>
    <ClCompile Include="VM.cpp">
      <Filter>VM</Filter>
    </ClCompile>
    <ClCompile Include="EPT.cpp">
      <Filter>VM\EPT</Filter>
    </ClCompile>
    <ClCompile Include="VMM.cpp">
      <Filter>VMM</Filter>
    </ClCompile>
  </ItemGroup>
  <ItemGroup>
    <MASM Include="x86.asm">
      <Filter>VM\ASM</Filter>
    </MASM>
    <MASM Include="x64.asm">
      <Filter>VM\ASM</Filter>
    </MASM>
  </ItemGroup>
</Project>